github.com/rwxrob/bonzai v0.14.1 h1:v0ItthDiXV7MXRAw7nyTIgsnQn8ZM/VeTCuXJOwVPsw=
github.com/rwxrob/bonzai v0.14.1/go.mod h1:hap+YriuJgncCLUgF6JJgLeldo3ggGVk+4s1G/FFSDk=
github.com/rwxrob/fn v0.3.3 h1:ymRQGWDhrrvoHKXLJ4WZlgI2qrC7gMOotowQMGvwmVQ=
github.com/rwxrob/fn v0.3.3/go.mod h1:omPqOqEB+dDna09z5pi5YFxq4IZqDvv3wFPUCES5LvY=
