github.com/rwxrob/bonzai v0.7.0 h1:x1iBkldLLdTrQBK4pF6Vx1bvkOHtuBPfQXEw6hDp7Ug=
github.com/rwxrob/bonzai v0.7.0/go.mod h1:tOU8sGI8dxVmGFTaqMfGbqYfWJqIAaFPA1lLUXQJaY8=
github.com/rwxrob/bonzai v0.8.0 h1:o+zKvZAx0uKfz4MBbIaw8M4/5kCvj2fKqDWSi9FZzmQ=
github.com/rwxrob/bonzai v0.8.0/go.mod h1:Dhwl0YLLsDBPJ6AlUI4JleGNbTtKb/hl3gP/JSvnCmc=
github.com/rwxrob/bonzai v0.8.1 h1:zPTsIjsHI2GANKTWEW8PkbMjxIt91er/cXKhjV6OdPk=
github.com/rwxrob/bonzai v0.8.1/go.mod h1:Dhwl0YLLsDBPJ6AlUI4JleGNbTtKb/hl3gP/JSvnCmc=
github.com/rwxrob/bonzai v0.8.2 h1:0e4r9XuD6060gqxK2c+0baAmnzU/H38isvzkDY5cTgo=
github.com/rwxrob/bonzai v0.8.2/go.mod h1:zisCd2LCW9yR3w3csCWkqmUGnOcUOItjatYdSplJtmk=
github.com/rwxrob/bonzai v0.9.0 h1:aR6Wz7UYXzBLs65NYPVxwdUsAP+6xL0xILyk00wGr7M=
github.com/rwxrob/bonzai v0.9.0/go.mod h1:zisCd2LCW9yR3w3csCWkqmUGnOcUOItjatYdSplJtmk=
github.com/rwxrob/bonzai v0.10.0 h1:RGzcu+9ksn9zYpsOx9j3rbbjaOx/t0hC9rMvW/+ofZY=
github.com/rwxrob/bonzai v0.10.0/go.mod h1:zisCd2LCW9yR3w3csCWkqmUGnOcUOItjatYdSplJtmk=
github.com/rwxrob/bonzai v0.10.1 h1:KC+3C3p27XOavohMA70VzM/IHw0ha71NUtZUxhhFGiY=
github.com/rwxrob/bonzai v0.10.1/go.mod h1:zisCd2LCW9yR3w3csCWkqmUGnOcUOItjatYdSplJtmk=
github.com/rwxrob/bonzai v0.12.0 h1:HkXtcZVo1fsVNGQ26NWWmpjnL8qyu/qI3NMYMO7XHB4=
github.com/rwxrob/bonzai v0.12.0/go.mod h1:zisCd2LCW9yR3w3csCWkqmUGnOcUOItjatYdSplJtmk=
github.com/rwxrob/bonzai v0.12.1 h1:/1g5B8WrR3AktCqjCxAUDJZCDGisXs2OKt4bd7CvJYg=
github.com/rwxrob/bonzai v0.12.1/go.mod h1:zisCd2LCW9yR3w3csCWkqmUGnOcUOItjatYdSplJtmk=
github.com/rwxrob/bonzai v0.12.2 h1:A9Pwp89QgExsBXwxxrctmrHx7Z+Tr0HAJ8aKwWFZmrA=
github.com/rwxrob/bonzai v0.12.2/go.mod h1:zisCd2LCW9yR3w3csCWkqmUGnOcUOItjatYdSplJtmk=
github.com/rwxrob/fn v0.3.3 h1:ymRQGWDhrrvoHKXLJ4WZlgI2qrC7gMOotowQMGvwmVQ=
github.com/rwxrob/fn v0.3.3/go.mod h1:omPqOqEB+dDna09z5pi5YFxq4IZqDvv3wFPUCES5LvY=
github.com/rwxrob/fs v0.5.0 h1:1AcZUMBzYhippXl0RfYb+KMo67Sj+e5eSUkOKTx2rUU=
github.com/rwxrob/fs v0.5.0/go.mod h1:vO8AeluD7rnrO7zC54745xTEBFgHPUpHL0hbp1NnsVo=
github.com/rwxrob/fs v0.5.1 h1:HpqDzQEMpfAjdeQvCtjkXC1vAQkNOM5PcxiW9b7TE/U=
github.com/rwxrob/fs v0.5.1/go.mod h1:vO8AeluD7rnrO7zC54745xTEBFgHPUpHL0hbp1NnsVo=
